Microsoft Visual Studio Solution File, Format Version 12.00
# Visual Studio Version 17
VisualStudioVersion = 17.0.31903.59
MinimumVisualStudioVersion = 10.0.40219.1
 
Project("{FAE04EC0-301F-11D3-BF4B-00C04F79EFBC}") = "VotingSystem.Clients", "VotingSystem.Clients\VotingSystem.Clients.csproj", "{4997BEE0-C6C2-433A-9A58-6ADFF51FEE9E}"
EndProject
Project("{FAE04EC0-301F-11D3-BF4B-00C04F79EFBC}") = "VotingSystem.Managers", "VotingSystem.Managers\VotingSystem.Managers.csproj", "{C7C26F9F-7D15-4EA5-956B-E107F87AC9E7}"
EndProject
Project("{FAE04EC0-301F-11D3-BF4B-00C04F79EFBC}") = "VotingSystem.Engines", "VotingSystem.Engines\VotingSystem.Engines.csproj", "{FC4A2AA1-B8F5-46CE-8FDC-4CB911FB54E1}"
EndProject
Project("{FAE04EC0-301F-11D3-BF4B-00C04F79EFBC}") = "VotingSystem.ResourceAccess", "VotingSystem.ResourceAccess\VotingSystem.ResourceAccess.csproj", "{8D6A01F0-11E0-4140-8316-AAE0B2FB114B}"
EndProject
Project("{FAE04EC0-301F-11D3-BF4B-00C04F79EFBC}") = "VotingSystem.DataContracts", "VotingSystem.DataContracts\VotingSystem.DataContracts.csproj", "{1870EB1A-746F-4CC4-AECE-CE52C1D94146}"
EndProject
 
Global
	GlobalSection(SolutionConfigurationPlatforms) = preSolution
		Debug|Any CPU = Debug|Any CPU
		Release|Any CPU = Release|Any CPU
	EndGlobalSection
	GlobalSection(ProjectConfigurationPlatforms) = postSolution
		{4997BEE0-C6C2-433A-9A58-6ADFF51FEE9E}.Debug|Any CPU.ActiveCfg = Debug|Any CPU
		{4997BEE0-C6C2-433A-9A58-6ADFF51FEE9E}.Debug|Any CPU.Build.0 = Debug|Any CPU
		{4997BEE0-C6C2-433A-9A58-6ADFF51FEE9E}.Release|Any CPU.ActiveCfg = Release|Any CPU
		{4997BEE0-C6C2-433A-9A58-6ADFF51FEE9E}.Release|Any CPU.Build.0 = Release|Any CPU
		{C7C26F9F-7D15-4EA5-956B-E107F87AC9E7}.Debug|Any CPU.ActiveCfg = Debug|Any CPU
		{C7C26F9F-7D15-4EA5-956B-E107F87AC9E7}.Debug|Any CPU.Build.0 = Debug|Any CPU
		{C7C26F9F-7D15-4EA5-956B-E107F87AC9E7}.Release|Any CPU.ActiveCfg = Release|Any CPU
		{C7C26F9F-7D15-4EA5-956B-E107F87AC9E7}.Release|Any CPU.Build.0 = Release|Any CPU
		{FC4A2AA1-B8F5-46CE-8FDC-4CB911FB54E1}.Debug|Any CPU.ActiveCfg = Debug|Any CPU
		{FC4A2AA1-B8F5-46CE-8FDC-4CB911FB54E1}.Debug|Any CPU.Build.0 = Debug|Any CPU
		{FC4A2AA1-B8F5-46CE-8FDC-4CB911FB54E1}.Release|Any CPU.ActiveCfg = Release|Any CPU
		{FC4A2AA1-B8F5-46CE-8FDC-4CB911FB54E1}.Release|Any CPU.Build.0 = Release|Any CPU
		{8D6A01F0-11E0-4140-8316-AAE0B2FB114B}.Debug|Any CPU.ActiveCfg = Debug|Any CPU
		{8D6A01F0-11E0-4140-8316-AAE0B2FB114B}.Debug|Any CPU.Build.0 = Debug|Any CPU
		{8D6A01F0-11E0-4140-8316-AAE0B2FB114B}.Release|Any CPU.ActiveCfg = Release|Any CPU
		{8D6A01F0-11E0-4140-8316-AAE0B2FB114B}.Release|Any CPU.Build.0 = Release|Any CPU
		{1870EB1A-746F-4CC4-AECE-CE52C1D94146}.Debug|Any CPU.ActiveCfg = Debug|Any CPU
		{1870EB1A-746F-4CC4-AECE-CE52C1D94146}.Debug|Any CPU.Build.0 = Debug|Any CPU
		{1870EB1A-746F-4CC4-AECE-CE52C1D94146}.Release|Any CPU.ActiveCfg = Release|Any CPU
		{1870EB1A-746F-4CC4-AECE-CE52C1D94146}.Release|Any CPU.Build.0 = Release|Any CPU
	EndGlobalSection
	GlobalSection(SolutionProperties) = preSolution
		HideSolutionNode = FALSE
	EndGlobalSection
	GlobalSection(ExtensibilityGlobals) = postSolution
		SolutionGuid = {52529D24-8A3E-4071-B27B-2EE282285D1A}
	EndGlobalSection
EndGlobal
